
Microsoft Visual Studio Solution File, Format Version 12.00
# Visual Studio Version 17
VisualStudioVersion = 17.5.002.0
MinimumVisualStudioVersion = 10.0.40219.1
Project("{9A19103F-16F7-4668-BE54-9A1E7A4F7556}") = "dotnet-selenium", "dotnet-selenium.csproj", "{2CDBF974-985F-439F-9D37-F6F2DBC1D395}"
EndProject
Global
	GlobalSection(SolutionConfigurationPlatforms) = preSolution
		Debug|Any CPU = Debug|Any CPU
		Release|Any CPU = Release|Any CPU
	EndGlobalSection
	GlobalSection(ProjectConfigurationPlatforms) = postSolution
		{2CDBF974-985F-439F-9D37-F6F2DBC1D395}.Debug|Any CPU.ActiveCfg = Debug|Any CPU
		{2CDBF974-985F-439F-9D37-F6F2DBC1D395}.Debug|Any CPU.Build.0 = Debug|Any CPU
		{2CDBF974-985F-439F-9D37-F6F2DBC1D395}.Release|Any CPU.ActiveCfg = Release|Any CPU
		{2CDBF974-985F-439F-9D37-F6F2DBC1D395}.Release|Any CPU.Build.0 = Release|Any CPU
	EndGlobalSection
	GlobalSection(SolutionProperties) = preSolution
		HideSolutionNode = FALSE
	EndGlobalSection
	GlobalSection(ExtensibilityGlobals) = postSolution
		SolutionGuid = {77C457D0-2A60-4C94-8A8C-1787F83C09E8}
	EndGlobalSection
EndGlobal
